// !$*UTF8*$!
{
	archiveVersion = 1;
	classes = {
	};
	objectVersion = 56;
	objects = {

/* Begin PBXBuildFile section */
		B97BB22229D27D99007A9F36 /* AppDelegate.swift in Sources */ = {isa = PBXBuildFile; fileRef = B97BB22129D27D99007A9F36 /* AppDelegate.swift */; };
		B97BB22429D27D99007A9F36 /* SceneDelegate.swift in Sources */ = {isa = PBXBuildFile; fileRef = B97BB22329D27D99007A9F36 /* SceneDelegate.swift */; };
		B97BB22629D27D99007A9F36 /* ViewController.swift in Sources */ = {isa = PBXBuildFile; fileRef = B97BB22529D27D99007A9F36 /* ViewController.swift */; };
		B97BB22929D27D99007A9F36 /* Main.storyboard in Resources */ = {isa = PBXBuildFile; fileRef = B97BB22729D27D99007A9F36 /* Main.storyboard */; };
		B97BB22B29D27D9A007A9F36 /* Assets.xcassets in Resources */ = {isa = PBXBuildFile; fileRef = B97BB22A29D27D9A007A9F36 /* Assets.xcassets */; };
		B97BB22E29D27D9A007A9F36 /* LaunchScreen.storyboard in Resources */ = {isa = PBXBuildFile; fileRef = B97BB22C29D27D9A007A9F36 /* LaunchScreen.storyboard */; };
		B97BB23729D28147007A9F36 /* SnapKit in Frameworks */ = {isa = PBXBuildFile; productRef = B97BB23629D28147007A9F36 /* SnapKit */; };
		B97BB23929D2839C007A9F36 /* Question.swift in Sources */ = {isa = PBXBuildFile; fileRef = B97BB23829D2839C007A9F36 /* Question.swift */; };
		B97BB23E29D285B0007A9F36 /* Then in Frameworks */ = {isa = PBXBuildFile; productRef = B97BB23D29D285B0007A9F36 /* Then */; };
		B97BB24029D286E2007A9F36 /* RoundButton.swift in Sources */ = {isa = PBXBuildFile; fileRef = B97BB23F29D286E2007A9F36 /* RoundButton.swift */; };
		B97BB24329D2A82C007A9F36 /* QuestionTool.swift in Sources */ = {isa = PBXBuildFile; fileRef = B97BB24229D2A82C007A9F36 /* QuestionTool.swift */; };
/* End PBXBuildFile section */

/* Begin PBXFileReference section */
		B97BB21E29D27D99007A9F36 /* IosBaseInfo.app */ = {isa = PBXFileReference; explicitFileType = wrapper.application; includeInIndex = 0; path = IosBaseInfo.app; sourceTree = BUILT_PRODUCTS_DIR; };
		B97BB22129D27D99007A9F36 /* AppDelegate.swift */ = {isa = PBXFileReference; lastKnownFileType = sourcecode.swift; path = AppDelegate.swift; sourceTree = "<group>"; };
		B97BB22329D27D99007A9F36 /* SceneDelegate.swift */ = {isa = PBXFileReference; lastKnownFileType = sourcecode.swift; path = SceneDelegate.swift; sourceTree = "<group>"; };
		B97BB22529D27D99007A9F36 /* ViewController.swift */ = {isa = PBXFileReference; lastKnownFileType = sourcecode.swift; path = ViewController.swift; sourceTree = "<group>"; };
		B97BB22829D27D99007A9F36 /* Base */ = {isa = PBXFileReference; lastKnownFileType = file.storyboard; name = Base; path = Base.lproj/Main.storyboard; sourceTree = "<group>"; };
		B97BB22A29D27D9A007A9F36 /* Assets.xcassets */ = {isa = PBXFileReference; lastKnownFileType = folder.assetcatalog; path = Assets.xcassets; sourceTree = "<group>"; };
		B97BB22D29D27D9A007A9F36 /* Base */ = {isa = PBXFileReference; lastKnownFileType = file.storyboard; name = Base; path = Base.lproj/LaunchScreen.storyboard; sourceTree = "<group>"; };
		B97BB22F29D27D9A007A9F36 /* Info.plist */ = {isa = PBXFileReference; lastKnownFileType = text.plist.xml; path = Info.plist; sourceTree = "<group>"; };
		B97BB23829D2839C007A9F36 /* Question.swift */ = {isa = PBXFileReference; lastKnownFileType = sourcecode.swift; path = Question.swift; sourceTree = "<group>"; };
		B97BB23F29D286E2007A9F36 /* RoundButton.swift */ = {isa = PBXFileReference; lastKnownFileType = sourcecode.swift; path = RoundButton.swift; sourceTree = "<group>"; };
		B97BB24229D2A82C007A9F36 /* QuestionTool.swift */ = {isa = PBXFileReference; lastKnownFileType = sourcecode.swift; path = QuestionTool.swift; sourceTree = "<group>"; };
/* End PBXFileReference section */

/* Begin PBXFrameworksBuildPhase section */
		B97BB21B29D27D99007A9F36 /* Frameworks */ = {
			isa = PBXFrameworksBuildPhase;
			buildActionMask = 2147483647;
			files = (
				B97BB23729D28147007A9F36 /* SnapKit in Frameworks */,
				B97BB23E29D285B0007A9F36 /* Then in Frameworks */,
			);
			runOnlyForDeploymentPostprocessing = 0;
		};
/* End PBXFrameworksBuildPhase section */

/* Begin PBXGroup section */
		B97BB21529D27D99007A9F36 = {
			isa = PBXGroup;
			children = (
				B97BB22029D27D99007A9F36 /* IosBaseInfo */,
				B97BB21F29D27D99007A9F36 /* Products */,
			);
			sourceTree = "<group>";
		};
		B97BB21F29D27D99007A9F36 /* Products */ = {
			isa = PBXGroup;
			children = (
				B97BB21E29D27D99007A9F36 /* IosBaseInfo.app */,
			);
			name = Products;
			sourceTree = "<group>";
		};
		B97BB22029D27D99007A9F36 /* IosBaseInfo */ = {
			isa = PBXGroup;
			children = (
				B97BB22129D27D99007A9F36 /* AppDelegate.swift */,
				B97BB22329D27D99007A9F36 /* SceneDelegate.swift */,
				B97BB24129D286E6007A9F36 /* Utils */,
				B97BB23A29D2848F007A9F36 /* Model */,
				B97BB23B29D284C7007A9F36 /* ViewAndController */,
				B97BB22729D27D99007A9F36 /* Main.storyboard */,
				B97BB22A29D27D9A007A9F36 /* Assets.xcassets */,
				B97BB22C29D27D9A007A9F36 /* LaunchScreen.storyboard */,
				B97BB22F29D27D9A007A9F36 /* Info.plist */,
			);
			path = IosBaseInfo;
			sourceTree = "<group>";
		};
		B97BB23A29D2848F007A9F36 /* Model */ = {
			isa = PBXGroup;
			children = (
				B97BB23829D2839C007A9F36 /* Question.swift */,
				B97BB24229D2A82C007A9F36 /* QuestionTool.swift */,
			);
			path = Model;
			sourceTree = "<group>";
		};
		B97BB23B29D284C7007A9F36 /* ViewAndController */ = {
			isa = PBXGroup;
			children = (
				B97BB22529D27D99007A9F36 /* ViewController.swift */,
			);
			path = ViewAndController;
			sourceTree = "<group>";
		};
		B97BB24129D286E6007A9F36 /* Utils */ = {
			isa = PBXGroup;
			children = (
				B97BB23F29D286E2007A9F36 /* RoundButton.swift */,
			);
			path = Utils;
			sourceTree = "<group>";
		};
/* End PBXGroup section */

/* Begin PBXNativeTarget section */
		B97BB21D29D27D99007A9F36 /* IosBaseInfo */ = {
			isa = PBXNativeTarget;
			buildConfigurationList = B97BB23229D27D9A007A9F36 /* Build configuration list for PBXNativeTarget "IosBaseInfo" */;
			buildPhases = (
				B97BB21A29D27D99007A9F36 /* Sources */,
				B97BB21B29D27D99007A9F36 /* Frameworks */,
				B97BB21C29D27D99007A9F36 /* Resources */,
			);
			buildRules = (
			);
			dependencies = (
			);
			name = IosBaseInfo;
			packageProductDependencies = (
				B97BB23629D28147007A9F36 /* SnapKit */,
				B97BB23D29D285B0007A9F36 /* Then */,
			);
			productName = IosBaseInfo;
			productReference = B97BB21E29D27D99007A9F36 /* IosBaseInfo.app */;
			productType = "com.apple.product-type.application";
		};
/* End PBXNativeTarget section */

/* Begin PBXProject section */
		B97BB21629D27D99007A9F36 /* Project object */ = {
			isa = PBXProject;
			attributes = {
				BuildIndependentTargetsInParallel = 1;
				LastSwiftUpdateCheck = 1420;
				LastUpgradeCheck = 1420;
				TargetAttributes = {
					B97BB21D29D27D99007A9F36 = {
						CreatedOnToolsVersion = 14.2;
					};
				};
			};
			buildConfigurationList = B97BB21929D27D99007A9F36 /* Build configuration list for PBXProject "IosBaseInfo" */;
			compatibilityVersion = "Xcode 14.0";
			developmentRegion = en;
			hasScannedForEncodings = 0;
			knownRegions = (
				en,
				Base,
			);
			mainGroup = B97BB21529D27D99007A9F36;
			packageReferences = (
				B97BB23529D28147007A9F36 /* XCRemoteSwiftPackageReference "SnapKit" */,
				B97BB23C29D285B0007A9F36 /* XCRemoteSwiftPackageReference "Then" */,
			);
			productRefGroup = B97BB21F29D27D99007A9F36 /* Products */;
			projectDirPath = "";
			projectRoot = "";
			targets = (
				B97BB21D29D27D99007A9F36 /* IosBaseInfo */,
			);
		};
/* End PBXProject section */

/* Begin PBXResourcesBuildPhase section */
		B97BB21C29D27D99007A9F36 /* Resources */ = {
			isa = PBXResourcesBuildPhase;
			buildActionMask = 2147483647;
			files = (
				B97BB22E29D27D9A007A9F36 /* LaunchScreen.storyboard in Resources */,
				B97BB22B29D27D9A007A9F36 /* Assets.xcassets in Resources */,
				B97BB22929D27D99007A9F36 /* Main.storyboard in Resources */,
			);
			runOnlyForDeploymentPostprocessing = 0;
		};
/* End PBXResourcesBuildPhase section */

/* Begin PBXSourcesBuildPhase section */
		B97BB21A29D27D99007A9F36 /* Sources */ = {
			isa = PBXSourcesBuildPhase;
			buildActionMask = 2147483647;
			files = (
				B97BB22629D27D99007A9F36 /* ViewController.swift in Sources */,
				B97BB24029D286E2007A9F36 /* RoundButton.swift in Sources */,
				B97BB23929D2839C007A9F36 /* Question.swift in Sources */,
				B97BB24329D2A82C007A9F36 /* QuestionTool.swift in Sources */,
				B97BB22229D27D99007A9F36 /* AppDelegate.swift in Sources */,
				B97BB22429D27D99007A9F36 /* SceneDelegate.swift in Sources */,
			);
			runOnlyForDeploymentPostprocessing = 0;
		};
/* End PBXSourcesBuildPhase section */

/* Begin PBXVariantGroup section */
		B97BB22729D27D99007A9F36 /* Main.storyboard */ = {
			isa = PBXVariantGroup;
			children = (
				B97BB22829D27D99007A9F36 /* Base */,
			);
			name = Main.storyboard;
			sourceTree = "<group>";
		};
		B97BB22C29D27D9A007A9F36 /* LaunchScreen.storyboard */ = {
			isa = PBXVariantGroup;
			children = (
				B97BB22D29D27D9A007A9F36 /* Base */,
			);
			name = LaunchScreen.storyboard;
			sourceTree = "<group>";
		};
/* End PBXVariantGroup section */

/* Begin XCBuildConfiguration section */
		B97BB23029D27D9A007A9F36 /* Debug */ = {
			isa = XCBuildConfiguration;
			buildSettings = {
				ALWAYS_SEARCH_USER_PATHS = NO;
				CLANG_ANALYZER_NONNULL = YES;
				CLANG_ANALYZER_NUMBER_OBJECT_CONVERSION = YES_AGGRESSIVE;
				CLANG_CXX_LANGUAGE_STANDARD = "gnu++20";
				CLANG_ENABLE_MODULES = YES;
				CLANG_ENABLE_OBJC_ARC = YES;
				CLANG_ENABLE_OBJC_WEAK = YES;
				CLANG_WARN_BLOCK_CAPTURE_AUTORELEASING = YES;
				CLANG_WARN_BOOL_CONVERSION = YES;
				CLANG_WARN_COMMA = YES;
				CLANG_WARN_CONSTANT_CONVERSION = YES;
				CLANG_WARN_DEPRECATED_OBJC_IMPLEMENTATIONS = YES;
				CLANG_WARN_DIRECT_OBJC_ISA_USAGE = YES_ERROR;
				CLANG_WARN_DOCUMENTATION_COMMENTS = YES;
				CLANG_WARN_EMPTY_BODY = YES;
				CLANG_WARN_ENUM_CONVERSION = YES;
				CLANG_WARN_INFINITE_RECURSION = YES;
				CLANG_WARN_INT_CONVERSION = YES;
				CLANG_WARN_NON_LITERAL_NULL_CONVERSION = YES;
				CLANG_WARN_OBJC_IMPLICIT_RETAIN_SELF = YES;
				CLANG_WARN_OBJC_LITERAL_CONVERSION = YES;
				CLANG_WARN_OBJC_ROOT_CLASS = YES_ERROR;
				CLANG_WARN_QUOTED_INCLUDE_IN_FRAMEWORK_HEADER = YES;
				CLANG_WARN_RANGE_LOOP_ANALYSIS = YES;
				CLANG_WARN_STRICT_PROTOTYPES = YES;
				CLANG_WARN_SUSPICIOUS_MOVE = YES;
				CLANG_WARN_UNGUARDED_AVAILABILITY = YES_AGGRESSIVE;
				CLANG_WARN_UNREACHABLE_CODE = YES;
				CLANG_WARN__DUPLICATE_METHOD_MATCH = YES;
				COPY_PHASE_STRIP = NO;
				DEBUG_INFORMATION_FORMAT = dwarf;
				ENABLE_STRICT_OBJC_MSGSEND = YES;
				ENABLE_TESTABILITY = YES;
				GCC_C_LANGUAGE_STANDARD = gnu11;
				GCC_DYNAMIC_NO_PIC = NO;
				GCC_NO_COMMON_BLOCKS = YES;
				GCC_OPTIMIZATION_LEVEL = 0;
				GCC_PREPROCESSOR_DEFINITIONS = (
					"DEBUG=1",
					"$(inherited)",
				);
				GCC_WARN_64_TO_32_BIT_CONVERSION = YES;
				GCC_WARN_ABOUT_RETURN_TYPE = YES_ERROR;
				GCC_WARN_UNDECLARED_SELECTOR = YES;
				GCC_WARN_UNINITIALIZED_AUTOS = YES_AGGRESSIVE;
				GCC_WARN_UNUSED_FUNCTION = YES;
				GCC_WARN_UNUSED_VARIABLE = YES;
				IPHONEOS_DEPLOYMENT_TARGET = 16.2;
				MTL_ENABLE_DEBUG_INFO = INCLUDE_SOURCE;
				MTL_FAST_MATH = YES;
				ONLY_ACTIVE_ARCH = YES;
				SDKROOT = iphoneos;
				SWIFT_ACTIVE_COMPILATION_CONDITIONS = DEBUG;
				SWIFT_OPTIMIZATION_LEVEL = "-Onone";
			};
			name = Debug;
		};
		B97BB23129D27D9A007A9F36 /* Release */ = {
			isa = XCBuildConfiguration;
			buildSettings = {
				ALWAYS_SEARCH_USER_PATHS = NO;
				CLANG_ANALYZER_NONNULL = YES;
				CLANG_ANALYZER_NUMBER_OBJECT_CONVERSION = YES_AGGRESSIVE;
				CLANG_CXX_LANGUAGE_STANDARD = "gnu++20";
				CLANG_ENABLE_MODULES = YES;
				CLANG_ENABLE_OBJC_ARC = YES;
				CLANG_ENABLE_OBJC_WEAK = YES;
				CLANG_WARN_BLOCK_CAPTURE_AUTORELEASING = YES;
				CLANG_WARN_BOOL_CONVERSION = YES;
				CLANG_WARN_COMMA = YES;
				CLANG_WARN_CONSTANT_CONVERSION = YES;
				CLANG_WARN_DEPRECATED_OBJC_IMPLEMENTATIONS = YES;
				CLANG_WARN_DIRECT_OBJC_ISA_USAGE = YES_ERROR;
				CLANG_WARN_DOCUMENTATION_COMMENTS = YES;
				CLANG_WARN_EMPTY_BODY = YES;
				CLANG_WARN_ENUM_CONVERSION = YES;
				CLANG_WARN_INFINITE_RECURSION = YES;
				CLANG_WARN_INT_CONVERSION = YES;
				CLANG_WARN_NON_LITERAL_NULL_CONVERSION = YES;
				CLANG_WARN_OBJC_IMPLICIT_RETAIN_SELF = YES;
				CLANG_WARN_OBJC_LITERAL_CONVERSION = YES;
				CLANG_WARN_OBJC_ROOT_CLASS = YES_ERROR;
				CLANG_WARN_QUOTED_INCLUDE_IN_FRAMEWORK_HEADER = YES;
				CLANG_WARN_RANGE_LOOP_ANALYSIS = YES;
				CLANG_WARN_STRICT_PROTOTYPES = YES;
				CLANG_WARN_SUSPICIOUS_MOVE = YES;
				CLANG_WARN_UNGUARDED_AVAILABILITY = YES_AGGRESSIVE;
				CLANG_WARN_UNREACHABLE_CODE = YES;
				CLANG_WARN__DUPLICATE_METHOD_MATCH = YES;
				COPY_PHASE_STRIP = NO;
				DEBUG_INFORMATION_FORMAT = "dwarf-with-dsym";
				ENABLE_NS_ASSERTIONS = NO;
				ENABLE_STRICT_OBJC_MSGSEND = YES;
				GCC_C_LANGUAGE_STANDARD = gnu11;
				GCC_NO_COMMON_BLOCKS = YES;
				GCC_WARN_64_TO_32_BIT_CONVERSION = YES;
				GCC_WARN_ABOUT_RETURN_TYPE = YES_ERROR;
				GCC_WARN_UNDECLARED_SELECTOR = YES;
				GCC_WARN_UNINITIALIZED_AUTOS = YES_AGGRESSIVE;
				GCC_WARN_UNUSED_FUNCTION = YES;
				GCC_WARN_UNUSED_VARIABLE = YES;
				IPHONEOS_DEPLOYMENT_TARGET = 16.2;
				MTL_ENABLE_DEBUG_INFO = NO;
				MTL_FAST_MATH = YES;
				SDKROOT = iphoneos;
				SWIFT_COMPILATION_MODE = wholemodule;
				SWIFT_OPTIMIZATION_LEVEL = "-O";
				VALIDATE_PRODUCT = YES;
			};
			name = Release;
		};
		B97BB23329D27D9A007A9F36 /* Debug */ = {
			isa = XCBuildConfiguration;
			buildSettings = {
				ASSETCATALOG_COMPILER_APPICON_NAME = AppIcon;
				ASSETCATALOG_COMPILER_GLOBAL_ACCENT_COLOR_NAME = AccentColor;
				CODE_SIGN_STYLE = Automatic;
				CURRENT_PROJECT_VERSION = 1;
				DEVELOPMENT_TEAM = NMLQKC3L6A;
				GENERATE_INFOPLIST_FILE = YES;
				INFOPLIST_FILE = IosBaseInfo/Info.plist;
				INFOPLIST_KEY_UIApplicationSupportsIndirectInputEvents = YES;
				INFOPLIST_KEY_UILaunchStoryboardName = LaunchScreen;
				INFOPLIST_KEY_UIMainStoryboardFile = Main;
				INFOPLIST_KEY_UISupportedInterfaceOrientations_iPad = "UIInterfaceOrientationPortrait UIInterfaceOrientationPortraitUpsideDown UIInterfaceOrientationLandscapeLeft UIInterfaceOrientationLandscapeRight";
				INFOPLIST_KEY_UISupportedInterfaceOrientations_iPhone = "UIInterfaceOrientationPortrait UIInterfaceOrientationLandscapeLeft UIInterfaceOrientationLandscapeRight";
				LD_RUNPATH_SEARCH_PATHS = (
					"$(inherited)",
					"@executable_path/Frameworks",
				);
				MARKETING_VERSION = 1.0;
				PRODUCT_BUNDLE_IDENTIFIER = com.hylee.IosBaseInfo;
				PRODUCT_NAME = "$(TARGET_NAME)";
				SWIFT_EMIT_LOC_STRINGS = YES;
				SWIFT_VERSION = 5.0;
				TARGETED_DEVICE_FAMILY = "1,2";
			};
			name = Debug;
		};
		B97BB23429D27D9A007A9F36 /* Release */ = {
			isa = XCBuildConfiguration;
			buildSettings = {
				ASSETCATALOG_COMPILER_APPICON_NAME = AppIcon;
				ASSETCATALOG_COMPILER_GLOBAL_ACCENT_COLOR_NAME = AccentColor;
				CODE_SIGN_STYLE = Automatic;
				CURRENT_PROJECT_VERSION = 1;
				DEVELOPMENT_TEAM = NMLQKC3L6A;
				GENERATE_INFOPLIST_FILE = YES;
				INFOPLIST_FILE = IosBaseInfo/Info.plist;
				INFOPLIST_KEY_UIApplicationSupportsIndirectInputEvents = YES;
				INFOPLIST_KEY_UILaunchStoryboardName = LaunchScreen;
				INFOPLIST_KEY_UIMainStoryboardFile = Main;
				INFOPLIST_KEY_UISupportedInterfaceOrientations_iPad = "UIInterfaceOrientationPortrait UIInterfaceOrientationPortraitUpsideDown UIInterfaceOrientationLandscapeLeft UIInterfaceOrientationLandscapeRight";
				INFOPLIST_KEY_UISupportedInterfaceOrientations_iPhone = "UIInterfaceOrientationPortrait UIInterfaceOrientationLandscapeLeft UIInterfaceOrientationLandscapeRight";
				LD_RUNPATH_SEARCH_PATHS = (
					"$(inherited)",
					"@executable_path/Frameworks",
				);
				MARKETING_VERSION = 1.0;
				PRODUCT_BUNDLE_IDENTIFIER = com.hylee.IosBaseInfo;
				PRODUCT_NAME = "$(TARGET_NAME)";
				SWIFT_EMIT_LOC_STRINGS = YES;
				SWIFT_VERSION = 5.0;
				TARGETED_DEVICE_FAMILY = "1,2";
			};
			name = Release;
		};
/* End XCBuildConfiguration section */

/* Begin XCConfigurationList section */
		B97BB21929D27D99007A9F36 /* Build configuration list for PBXProject "IosBaseInfo" */ = {
			isa = XCConfigurationList;
			buildConfigurations = (
				B97BB23029D27D9A007A9F36 /* Debug */,
				B97BB23129D27D9A007A9F36 /* Release */,
			);
			defaultConfigurationIsVisible = 0;
			defaultConfigurationName = Release;
		};
		B97BB23229D27D9A007A9F36 /* Build configuration list for PBXNativeTarget "IosBaseInfo" */ = {
			isa = XCConfigurationList;
			buildConfigurations = (
				B97BB23329D27D9A007A9F36 /* Debug */,
				B97BB23429D27D9A007A9F36 /* Release */,
			);
			defaultConfigurationIsVisible = 0;
			defaultConfigurationName = Release;
		};
/* End XCConfigurationList section */

/* Begin XCRemoteSwiftPackageReference section */
		B97BB23529D28147007A9F36 /* XCRemoteSwiftPackageReference "SnapKit" */ = {
			isa = XCRemoteSwiftPackageReference;
			repositoryURL = "https://github.com/SnapKit/SnapKit";
			requirement = {
				kind = upToNextMajorVersion;
				minimumVersion = 5.0.0;
			};
		};
		B97BB23C29D285B0007A9F36 /* XCRemoteSwiftPackageReference "Then" */ = {
			isa = XCRemoteSwiftPackageReference;
			repositoryURL = "https://github.com/devxoul/Then";
			requirement = {
				branch = master;
				kind = branch;
			};
		};
/* End XCRemoteSwiftPackageReference section */

/* Begin XCSwiftPackageProductDependency section */
		B97BB23629D28147007A9F36 /* SnapKit */ = {
			isa = XCSwiftPackageProductDependency;
			package = B97BB23529D28147007A9F36 /* XCRemoteSwiftPackageReference "SnapKit" */;
			productName = SnapKit;
		};
		B97BB23D29D285B0007A9F36 /* Then */ = {
			isa = XCSwiftPackageProductDependency;
			package = B97BB23C29D285B0007A9F36 /* XCRemoteSwiftPackageReference "Then" */;
			productName = Then;
		};
/* End XCSwiftPackageProductDependency section */
	};
	rootObject = B97BB21629D27D99007A9F36 /* Project object */;
}
